
Microsoft Visual Studio Solution File, Format Version 12.00
# Visual Studio Version 16
VisualStudioVersion = 16.0.31702.278
MinimumVisualStudioVersion = 10.0.40219.1
Project("{FAE04EC0-301F-11D3-BF4B-00C04F79EFBC}") = "IdentityApp", "IdentityApp\IdentityApp.csproj", "{8095F258-63F4-4B4E-80EE-CF90781735C7}"
EndProject
Global
	GlobalSection(SolutionConfigurationPlatforms) = preSolution
		Debug|Any CPU = Debug|Any CPU
		Release|Any CPU = Release|Any CPU
	EndGlobalSection
	GlobalSection(ProjectConfigurationPlatforms) = postSolution
		{8095F258-63F4-4B4E-80EE-CF90781735C7}.Debug|Any CPU.ActiveCfg = Debug|Any CPU
		{8095F258-63F4-4B4E-80EE-CF90781735C7}.Debug|Any CPU.Build.0 = Debug|Any CPU
		{8095F258-63F4-4B4E-80EE-CF90781735C7}.Release|Any CPU.ActiveCfg = Release|Any CPU
		{8095F258-63F4-4B4E-80EE-CF90781735C7}.Release|Any CPU.Build.0 = Release|Any CPU
	EndGlobalSection
	GlobalSection(SolutionProperties) = preSolution
		HideSolutionNode = FALSE
	EndGlobalSection
	GlobalSection(ExtensibilityGlobals) = postSolution
		SolutionGuid = {76C5A0E3-D285-4F97-AC58-E958A076F983}
	EndGlobalSection
EndGlobal
